
Microsoft Visual Studio Solution File, Format Version 12.00
# Visual Studio 15
VisualStudioVersion = 15.0.28307.757
MinimumVisualStudioVersion = 10.0.40219.1
Project("{8BC9CEB8-8B4A-11D0-8D11-00A0C91BC942}") = "SDL_Template32", "SDL_Template32\SDL_Template32.vcxproj", "{ABBD4256-FAC7-4FC6-B301-237ECE06E4FC}"
EndProject
Global
	GlobalSection(SolutionConfigurationPlatforms) = preSolution
		Debug|x64 = Debug|x64
		Debug|x86 = Debug|x86
		Release|x64 = Release|x64
		Release|x86 = Release|x86
	EndGlobalSection
	GlobalSection(ProjectConfigurationPlatforms) = postSolution
		{ABBD4256-FAC7-4FC6-B301-237ECE06E4FC}.Debug|x64.ActiveCfg = Debug|x64
		{ABBD4256-FAC7-4FC6-B301-237ECE06E4FC}.Debug|x64.Build.0 = Debug|x64
		{ABBD4256-FAC7-4FC6-B301-237ECE06E4FC}.Debug|x86.ActiveCfg = Debug|Win32
		{ABBD4256-FAC7-4FC6-B301-237ECE06E4FC}.Debug|x86.Build.0 = Debug|Win32
		{ABBD4256-FAC7-4FC6-B301-237ECE06E4FC}.Release|x64.ActiveCfg = Release|x64
		{ABBD4256-FAC7-4FC6-B301-237ECE06E4FC}.Release|x64.Build.0 = Release|x64
		{ABBD4256-FAC7-4FC6-B301-237ECE06E4FC}.Release|x86.ActiveCfg = Release|Win32
		{ABBD4256-FAC7-4FC6-B301-237ECE06E4FC}.Release|x86.Build.0 = Release|Win32
	EndGlobalSection
	GlobalSection(SolutionProperties) = preSolution
		HideSolutionNode = FALSE
	EndGlobalSection
	GlobalSection(ExtensibilityGlobals) = postSolution
		SolutionGuid = {0B582EAA-C5B5-461F-AD00-289442C4C2E3}
	EndGlobalSection
EndGlobal
